
Microsoft Visual Studio Solution File, Format Version 12.00
# Visual Studio Version 16
VisualStudioVersion = 16.0.28803.156
MinimumVisualStudioVersion = 10.0.40219.1
Project("{8BC9CEB8-8B4A-11D0-8D11-00A0C91BC942}") = "CivSim", "CivSim\CivSim.vcxproj", "{259C2506-0CD0-4903-9A42-5C1CCBB998F3}"
EndProject
Global
	GlobalSection(SolutionConfigurationPlatforms) = preSolution
		Debug|x64 = Debug|x64
		Debug|x86 = Debug|x86
		em++|x64 = em++|x64
		em++|x86 = em++|x86
		Release|x64 = Release|x64
		Release|x86 = Release|x86
	EndGlobalSection
	GlobalSection(ProjectConfigurationPlatforms) = postSolution
		{259C2506-0CD0-4903-9A42-5C1CCBB998F3}.Debug|x64.ActiveCfg = Debug|x64
		{259C2506-0CD0-4903-9A42-5C1CCBB998F3}.Debug|x64.Build.0 = Debug|x64
		{259C2506-0CD0-4903-9A42-5C1CCBB998F3}.Debug|x86.ActiveCfg = Debug|Win32
		{259C2506-0CD0-4903-9A42-5C1CCBB998F3}.Debug|x86.Build.0 = Debug|Win32
		{259C2506-0CD0-4903-9A42-5C1CCBB998F3}.em++|x64.ActiveCfg = Release|x64
		{259C2506-0CD0-4903-9A42-5C1CCBB998F3}.em++|x64.Build.0 = Release|x64
		{259C2506-0CD0-4903-9A42-5C1CCBB998F3}.em++|x86.ActiveCfg = em++|x64
		{259C2506-0CD0-4903-9A42-5C1CCBB998F3}.Release|x64.ActiveCfg = Release|x64
		{259C2506-0CD0-4903-9A42-5C1CCBB998F3}.Release|x64.Build.0 = Release|x64
		{259C2506-0CD0-4903-9A42-5C1CCBB998F3}.Release|x86.ActiveCfg = Release|Win32
		{259C2506-0CD0-4903-9A42-5C1CCBB998F3}.Release|x86.Build.0 = Release|Win32
	EndGlobalSection
	GlobalSection(SolutionProperties) = preSolution
		HideSolutionNode = FALSE
	EndGlobalSection
	GlobalSection(ExtensibilityGlobals) = postSolution
		SolutionGuid = {B7A18CA1-6BF2-493F-AD2D-FB146F0B4FA0}
	EndGlobalSection
EndGlobal
